// !$*UTF8*$!
{
	archiveVersion = 1;
	classes = {
	};
	objectVersion = 46;
	objects = {

/* Begin PBXBuildFile section */
		171FB2341C1A1CA500EAC81E /* Game.m in Sources */ = {isa = PBXBuildFile; fileRef = 171FB2331C1A1CA500EAC81E /* Game.m */; };
		17AF6D181C18E0EC00111AEA /* StatsLayout.m in Sources */ = {isa = PBXBuildFile; fileRef = 17AF6D171C18E0EC00111AEA /* StatsLayout.m */; };
		17AF6D1C1C18E30C00111AEA /* PlayerCollectionViewCell.m in Sources */ = {isa = PBXBuildFile; fileRef = 17AF6D1B1C18E30C00111AEA /* PlayerCollectionViewCell.m */; };
		17AF6D1F1C18E31C00111AEA /* StatsCollectionViewCell.m in Sources */ = {isa = PBXBuildFile; fileRef = 17AF6D1E1C18E31C00111AEA /* StatsCollectionViewCell.m */; };
		17AF6D221C18F7A400111AEA /* HomeCollectionView.m in Sources */ = {isa = PBXBuildFile; fileRef = 17AF6D211C18F7A400111AEA /* HomeCollectionView.m */; };
		17B7A70D1C0CF65B0061050A /* main.m in Sources */ = {isa = PBXBuildFile; fileRef = 17B7A70C1C0CF65B0061050A /* main.m */; };
		17B7A7101C0CF65B0061050A /* AppDelegate.m in Sources */ = {isa = PBXBuildFile; fileRef = 17B7A70F1C0CF65B0061050A /* AppDelegate.m */; };
		17B7A7131C0CF65B0061050A /* ViewController.m in Sources */ = {isa = PBXBuildFile; fileRef = 17B7A7121C0CF65B0061050A /* ViewController.m */; };
		17B7A7161C0CF65B0061050A /* Main.storyboard in Resources */ = {isa = PBXBuildFile; fileRef = 17B7A7141C0CF65B0061050A /* Main.storyboard */; };
		17B7A7191C0CF65B0061050A /* NBABoxScores.xcdatamodeld in Sources */ = {isa = PBXBuildFile; fileRef = 17B7A7171C0CF65B0061050A /* NBABoxScores.xcdatamodeld */; };
		17B7A71B1C0CF65B0061050A /* Assets.xcassets in Resources */ = {isa = PBXBuildFile; fileRef = 17B7A71A1C0CF65B0061050A /* Assets.xcassets */; };
		17B7A71E1C0CF65B0061050A /* LaunchScreen.storyboard in Resources */ = {isa = PBXBuildFile; fileRef = 17B7A71C1C0CF65B0061050A /* LaunchScreen.storyboard */; };
		17B7A7291C0CF65B0061050A /* NBABoxScoresTests.m in Sources */ = {isa = PBXBuildFile; fileRef = 17B7A7281C0CF65B0061050A /* NBABoxScoresTests.m */; };
		17B7A7341C0CF65B0061050A /* NBABoxScoresUITests.m in Sources */ = {isa = PBXBuildFile; fileRef = 17B7A7331C0CF65B0061050A /* NBABoxScoresUITests.m */; };
		17B7A7431C0F5F6B0061050A /* ContentViewController.m in Sources */ = {isa = PBXBuildFile; fileRef = 17B7A7421C0F5F6B0061050A /* ContentViewController.m */; };
		17B7A7881C1251BE0061050A /* StatsTableViewCell.m in Sources */ = {isa = PBXBuildFile; fileRef = 17B7A7871C1251BE0061050A /* StatsTableViewCell.m */; };
		17BB415D1C1F58480086514E /* game.json in Resources */ = {isa = PBXBuildFile; fileRef = 17BB415C1C1F58480086514E /* game.json */; };
		17BB41651C21EE140086514E /* AwayCollectionView.m in Sources */ = {isa = PBXBuildFile; fileRef = 17BB41641C21EE140086514E /* AwayCollectionView.m */; };
		17BB41691C23A6CC0086514E /* Player.m in Sources */ = {isa = PBXBuildFile; fileRef = 17BB41681C23A6CC0086514E /* Player.m */; };
		17BB416C1C23AEEE0086514E /* Team.m in Sources */ = {isa = PBXBuildFile; fileRef = 17BB416B1C23AEEE0086514E /* Team.m */; };
/* End PBXBuildFile section */

/* Begin PBXContainerItemProxy section */
		17B7A7251C0CF65B0061050A /* PBXContainerItemProxy */ = {
			isa = PBXContainerItemProxy;
			containerPortal = 17B7A7001C0CF65B0061050A /* Project object */;
			proxyType = 1;
			remoteGlobalIDString = 17B7A7071C0CF65B0061050A;
			remoteInfo = NBABoxScores;
		};
		17B7A7301C0CF65B0061050A /* PBXContainerItemProxy */ = {
			isa = PBXContainerItemProxy;
			containerPortal = 17B7A7001C0CF65B0061050A /* Project object */;
			proxyType = 1;
			remoteGlobalIDString = 17B7A7071C0CF65B0061050A;
			remoteInfo = NBABoxScores;
		};
/* End PBXContainerItemProxy section */

/* Begin PBXFileReference section */
		171FB2321C1A1CA500EAC81E /* Game.h */ = {isa = PBXFileReference; fileEncoding = 4; lastKnownFileType = sourcecode.c.h; path = Game.h; sourceTree = "<group>"; };
		171FB2331C1A1CA500EAC81E /* Game.m */ = {isa = PBXFileReference; fileEncoding = 4; lastKnownFileType = sourcecode.c.objc; path = Game.m; sourceTree = "<group>"; };
		17AF6D161C18E0EC00111AEA /* StatsLayout.h */ = {isa = PBXFileReference; fileEncoding = 4; lastKnownFileType = sourcecode.c.h; path = StatsLayout.h; sourceTree = "<group>"; };
		17AF6D171C18E0EC00111AEA /* StatsLayout.m */ = {isa = PBXFileReference; fileEncoding = 4; lastKnownFileType = sourcecode.c.objc; path = StatsLayout.m; sourceTree = "<group>"; };
		17AF6D1A1C18E30C00111AEA /* PlayerCollectionViewCell.h */ = {isa = PBXFileReference; fileEncoding = 4; lastKnownFileType = sourcecode.c.h; path = PlayerCollectionViewCell.h; sourceTree = "<group>"; };
		17AF6D1B1C18E30C00111AEA /* PlayerCollectionViewCell.m */ = {isa = PBXFileReference; fileEncoding = 4; lastKnownFileType = sourcecode.c.objc; path = PlayerCollectionViewCell.m; sourceTree = "<group>"; };
		17AF6D1D1C18E31C00111AEA /* StatsCollectionViewCell.h */ = {isa = PBXFileReference; fileEncoding = 4; lastKnownFileType = sourcecode.c.h; path = StatsCollectionViewCell.h; sourceTree = "<group>"; };
		17AF6D1E1C18E31C00111AEA /* StatsCollectionViewCell.m */ = {isa = PBXFileReference; fileEncoding = 4; lastKnownFileType = sourcecode.c.objc; path = StatsCollectionViewCell.m; sourceTree = "<group>"; };
		17AF6D201C18F7A400111AEA /* HomeCollectionView.h */ = {isa = PBXFileReference; fileEncoding = 4; lastKnownFileType = sourcecode.c.h; path = HomeCollectionView.h; sourceTree = "<group>"; };
		17AF6D211C18F7A400111AEA /* HomeCollectionView.m */ = {isa = PBXFileReference; fileEncoding = 4; lastKnownFileType = sourcecode.c.objc; path = HomeCollectionView.m; sourceTree = "<group>"; };
		17B7A7081C0CF65B0061050A /* NBABoxScores.app */ = {isa = PBXFileReference; explicitFileType = wrapper.application; includeInIndex = 0; path = NBABoxScores.app; sourceTree = BUILT_PRODUCTS_DIR; };
		17B7A70C1C0CF65B0061050A /* main.m */ = {isa = PBXFileReference; lastKnownFileType = sourcecode.c.objc; path = main.m; sourceTree = "<group>"; };
		17B7A70E1C0CF65B0061050A /* AppDelegate.h */ = {isa = PBXFileReference; lastKnownFileType = sourcecode.c.h; path = AppDelegate.h; sourceTree = "<group>"; };
		17B7A70F1C0CF65B0061050A /* AppDelegate.m */ = {isa = PBXFileReference; lastKnownFileType = sourcecode.c.objc; path = AppDelegate.m; sourceTree = "<group>"; };
		17B7A7111C0CF65B0061050A /* ViewController.h */ = {isa = PBXFileReference; lastKnownFileType = sourcecode.c.h; path = ViewController.h; sourceTree = "<group>"; };
		17B7A7121C0CF65B0061050A /* ViewController.m */ = {isa = PBXFileReference; lastKnownFileType = sourcecode.c.objc; path = ViewController.m; sourceTree = "<group>"; };
		17B7A7151C0CF65B0061050A /* Base */ = {isa = PBXFileReference; lastKnownFileType = file.storyboard; name = Base; path = Base.lproj/Main.storyboard; sourceTree = "<group>"; };
		17B7A7181C0CF65B0061050A /* NBABoxScores.xcdatamodel */ = {isa = PBXFileReference; lastKnownFileType = wrapper.xcdatamodel; path = NBABoxScores.xcdatamodel; sourceTree = "<group>"; };
		17B7A71A1C0CF65B0061050A /* Assets.xcassets */ = {isa = PBXFileReference; lastKnownFileType = folder.assetcatalog; path = Assets.xcassets; sourceTree = "<group>"; };
		17B7A71D1C0CF65B0061050A /* Base */ = {isa = PBXFileReference; lastKnownFileType = file.storyboard; name = Base; path = Base.lproj/LaunchScreen.storyboard; sourceTree = "<group>"; };
		17B7A71F1C0CF65B0061050A /* Info.plist */ = {isa = PBXFileReference; lastKnownFileType = text.plist.xml; path = Info.plist; sourceTree = "<group>"; };
		17B7A7241C0CF65B0061050A /* NBABoxScoresTests.xctest */ = {isa = PBXFileReference; explicitFileType = wrapper.cfbundle; includeInIndex = 0; path = NBABoxScoresTests.xctest; sourceTree = BUILT_PRODUCTS_DIR; };
		17B7A7281C0CF65B0061050A /* NBABoxScoresTests.m */ = {isa = PBXFileReference; lastKnownFileType = sourcecode.c.objc; path = NBABoxScoresTests.m; sourceTree = "<group>"; };
		17B7A72A1C0CF65B0061050A /* Info.plist */ = {isa = PBXFileReference; lastKnownFileType = text.plist.xml; path = Info.plist; sourceTree = "<group>"; };
		17B7A72F1C0CF65B0061050A /* NBABoxScoresUITests.xctest */ = {isa = PBXFileReference; explicitFileType = wrapper.cfbundle; includeInIndex = 0; path = NBABoxScoresUITests.xctest; sourceTree = BUILT_PRODUCTS_DIR; };
		17B7A7331C0CF65B0061050A /* NBABoxScoresUITests.m */ = {isa = PBXFileReference; lastKnownFileType = sourcecode.c.objc; path = NBABoxScoresUITests.m; sourceTree = "<group>"; };
		17B7A7351C0CF65B0061050A /* Info.plist */ = {isa = PBXFileReference; lastKnownFileType = text.plist.xml; path = Info.plist; sourceTree = "<group>"; };
		17B7A7411C0F5F6B0061050A /* ContentViewController.h */ = {isa = PBXFileReference; fileEncoding = 4; lastKnownFileType = sourcecode.c.h; path = ContentViewController.h; sourceTree = "<group>"; };
		17B7A7421C0F5F6B0061050A /* ContentViewController.m */ = {isa = PBXFileReference; fileEncoding = 4; lastKnownFileType = sourcecode.c.objc; path = ContentViewController.m; sourceTree = "<group>"; };
		17B7A7861C1251BE0061050A /* StatsTableViewCell.h */ = {isa = PBXFileReference; fileEncoding = 4; lastKnownFileType = sourcecode.c.h; path = StatsTableViewCell.h; sourceTree = "<group>"; };
		17B7A7871C1251BE0061050A /* StatsTableViewCell.m */ = {isa = PBXFileReference; fileEncoding = 4; lastKnownFileType = sourcecode.c.objc; path = StatsTableViewCell.m; sourceTree = "<group>"; };
		17BB415C1C1F58480086514E /* game.json */ = {isa = PBXFileReference; fileEncoding = 4; lastKnownFileType = text.json; path = game.json; sourceTree = "<group>"; };
		17BB41631C21EE140086514E /* AwayCollectionView.h */ = {isa = PBXFileReference; fileEncoding = 4; lastKnownFileType = sourcecode.c.h; path = AwayCollectionView.h; sourceTree = "<group>"; };
		17BB41641C21EE140086514E /* AwayCollectionView.m */ = {isa = PBXFileReference; fileEncoding = 4; lastKnownFileType = sourcecode.c.objc; path = AwayCollectionView.m; sourceTree = "<group>"; };
		17BB41671C23A6CC0086514E /* Player.h */ = {isa = PBXFileReference; fileEncoding = 4; lastKnownFileType = sourcecode.c.h; path = Player.h; sourceTree = "<group>"; };
		17BB41681C23A6CC0086514E /* Player.m */ = {isa = PBXFileReference; fileEncoding = 4; lastKnownFileType = sourcecode.c.objc; path = Player.m; sourceTree = "<group>"; };
		17BB416A1C23AEEE0086514E /* Team.h */ = {isa = PBXFileReference; fileEncoding = 4; lastKnownFileType = sourcecode.c.h; path = Team.h; sourceTree = "<group>"; };
		17BB416B1C23AEEE0086514E /* Team.m */ = {isa = PBXFileReference; fileEncoding = 4; lastKnownFileType = sourcecode.c.objc; path = Team.m; sourceTree = "<group>"; };
/* End PBXFileReference section */

/* Begin PBXFrameworksBuildPhase section */
		17B7A7051C0CF65B0061050A /* Frameworks */ = {
			isa = PBXFrameworksBuildPhase;
			buildActionMask = 2147483647;
			files = (
			);
			runOnlyForDeploymentPostprocessing = 0;
		};
		17B7A7211C0CF65B0061050A /* Frameworks */ = {
			isa = PBXFrameworksBuildPhase;
			buildActionMask = 2147483647;
			files = (
			);
			runOnlyForDeploymentPostprocessing = 0;
		};
		17B7A72C1C0CF65B0061050A /* Frameworks */ = {
			isa = PBXFrameworksBuildPhase;
			buildActionMask = 2147483647;
			files = (
			);
			runOnlyForDeploymentPostprocessing = 0;
		};
/* End PBXFrameworksBuildPhase section */

/* Begin PBXGroup section */
		171FB2311C1A1C5800EAC81E /* Models */ = {
			isa = PBXGroup;
			children = (
				171FB2321C1A1CA500EAC81E /* Game.h */,
				171FB2331C1A1CA500EAC81E /* Game.m */,
				17BB416A1C23AEEE0086514E /* Team.h */,
				17BB416B1C23AEEE0086514E /* Team.m */,
				17BB41671C23A6CC0086514E /* Player.h */,
				17BB41681C23A6CC0086514E /* Player.m */,
			);
			name = Models;
			sourceTree = "<group>";
		};
		17AF6D191C18E10000111AEA /* CollectionView */ = {
			isa = PBXGroup;
			children = (
				17BB41661C21EE1A0086514E /* Away Team */,
				17BB415E1C1F7E100086514E /* Home Team */,
				17AF6D161C18E0EC00111AEA /* StatsLayout.h */,
				17AF6D171C18E0EC00111AEA /* StatsLayout.m */,
			);
			name = CollectionView;
			sourceTree = "<group>";
		};
		17B7A6FF1C0CF65B0061050A = {
			isa = PBXGroup;
			children = (
				17B7A70A1C0CF65B0061050A /* NBABoxScores */,
				17B7A7271C0CF65B0061050A /* NBABoxScoresTests */,
				17B7A7321C0CF65B0061050A /* NBABoxScoresUITests */,
				17B7A7091C0CF65B0061050A /* Products */,
			);
			sourceTree = "<group>";
		};
		17B7A7091C0CF65B0061050A /* Products */ = {
			isa = PBXGroup;
			children = (
				17B7A7081C0CF65B0061050A /* NBABoxScores.app */,
				17B7A7241C0CF65B0061050A /* NBABoxScoresTests.xctest */,
				17B7A72F1C0CF65B0061050A /* NBABoxScoresUITests.xctest */,
			);
			name = Products;
			sourceTree = "<group>";
		};
		17B7A70A1C0CF65B0061050A /* NBABoxScores */ = {
			isa = PBXGroup;
			children = (
				17B7A7141C0CF65B0061050A /* Main.storyboard */,
				17B7A7111C0CF65B0061050A /* ViewController.h */,
				17B7A7121C0CF65B0061050A /* ViewController.m */,
				17B7A7411C0F5F6B0061050A /* ContentViewController.h */,
				17B7A7421C0F5F6B0061050A /* ContentViewController.m */,
				17B7A7861C1251BE0061050A /* StatsTableViewCell.h */,
				17B7A7871C1251BE0061050A /* StatsTableViewCell.m */,
				171FB2311C1A1C5800EAC81E /* Models */,
				17AF6D191C18E10000111AEA /* CollectionView */,
				17B7A70B1C0CF65B0061050A /* Supporting Files */,
			);
			path = NBABoxScores;
			sourceTree = "<group>";
		};
		17B7A70B1C0CF65B0061050A /* Supporting Files */ = {
			isa = PBXGroup;
			children = (
				17B7A70E1C0CF65B0061050A /* AppDelegate.h */,
				17B7A70F1C0CF65B0061050A /* AppDelegate.m */,
				17B7A71A1C0CF65B0061050A /* Assets.xcassets */,
				17B7A71C1C0CF65B0061050A /* LaunchScreen.storyboard */,
				17BB415C1C1F58480086514E /* game.json */,
				17B7A71F1C0CF65B0061050A /* Info.plist */,
				17B7A7171C0CF65B0061050A /* NBABoxScores.xcdatamodeld */,
				17B7A70C1C0CF65B0061050A /* main.m */,
			);
			name = "Supporting Files";
			sourceTree = "<group>";
		};
		17B7A7271C0CF65B0061050A /* NBABoxScoresTests */ = {
			isa = PBXGroup;
			children = (
				17B7A7281C0CF65B0061050A /* NBABoxScoresTests.m */,
				17B7A72A1C0CF65B0061050A /* Info.plist */,
			);
			path = NBABoxScoresTests;
			sourceTree = "<group>";
		};
		17B7A7321C0CF65B0061050A /* NBABoxScoresUITests */ = {
			isa = PBXGroup;
			children = (
				17B7A7331C0CF65B0061050A /* NBABoxScoresUITests.m */,
				17B7A7351C0CF65B0061050A /* Info.plist */,
			);
			path = NBABoxScoresUITests;
			sourceTree = "<group>";
		};
		17BB415E1C1F7E100086514E /* Home Team */ = {
			isa = PBXGroup;
			children = (
				17AF6D1A1C18E30C00111AEA /* PlayerCollectionViewCell.h */,
				17AF6D1B1C18E30C00111AEA /* PlayerCollectionViewCell.m */,
				17AF6D1D1C18E31C00111AEA /* StatsCollectionViewCell.h */,
				17AF6D1E1C18E31C00111AEA /* StatsCollectionViewCell.m */,
				17AF6D201C18F7A400111AEA /* HomeCollectionView.h */,
				17AF6D211C18F7A400111AEA /* HomeCollectionView.m */,
			);
			name = "Home Team";
			sourceTree = "<group>";
		};
		17BB41661C21EE1A0086514E /* Away Team */ = {
			isa = PBXGroup;
			children = (
				17BB41631C21EE140086514E /* AwayCollectionView.h */,
				17BB41641C21EE140086514E /* AwayCollectionView.m */,
			);
			name = "Away Team";
			sourceTree = "<group>";
		};
/* End PBXGroup section */

/* Begin PBXNativeTarget section */
		17B7A7071C0CF65B0061050A /* NBABoxScores */ = {
			isa = PBXNativeTarget;
			buildConfigurationList = 17B7A7381C0CF65B0061050A /* Build configuration list for PBXNativeTarget "NBABoxScores" */;
			buildPhases = (
				17B7A7041C0CF65B0061050A /* Sources */,
				17B7A7051C0CF65B0061050A /* Frameworks */,
				17B7A7061C0CF65B0061050A /* Resources */,
			);
			buildRules = (
			);
			dependencies = (
			);
			name = NBABoxScores;
			productName = NBABoxScores;
			productReference = 17B7A7081C0CF65B0061050A /* NBABoxScores.app */;
			productType = "com.apple.product-type.application";
		};
		17B7A7231C0CF65B0061050A /* NBABoxScoresTests */ = {
			isa = PBXNativeTarget;
			buildConfigurationList = 17B7A73B1C0CF65B0061050A /* Build configuration list for PBXNativeTarget "NBABoxScoresTests" */;
			buildPhases = (
				17B7A7201C0CF65B0061050A /* Sources */,
				17B7A7211C0CF65B0061050A /* Frameworks */,
				17B7A7221C0CF65B0061050A /* Resources */,
			);
			buildRules = (
			);
			dependencies = (
				17B7A7261C0CF65B0061050A /* PBXTargetDependency */,
			);
			name = NBABoxScoresTests;
			productName = NBABoxScoresTests;
			productReference = 17B7A7241C0CF65B0061050A /* NBABoxScoresTests.xctest */;
			productType = "com.apple.product-type.bundle.unit-test";
		};
		17B7A72E1C0CF65B0061050A /* NBABoxScoresUITests */ = {
			isa = PBXNativeTarget;
			buildConfigurationList = 17B7A73E1C0CF65B0061050A /* Build configuration list for PBXNativeTarget "NBABoxScoresUITests" */;
			buildPhases = (
				17B7A72B1C0CF65B0061050A /* Sources */,
				17B7A72C1C0CF65B0061050A /* Frameworks */,
				17B7A72D1C0CF65B0061050A /* Resources */,
			);
			buildRules = (
			);
			dependencies = (
				17B7A7311C0CF65B0061050A /* PBXTargetDependency */,
			);
			name = NBABoxScoresUITests;
			productName = NBABoxScoresUITests;
			productReference = 17B7A72F1C0CF65B0061050A /* NBABoxScoresUITests.xctest */;
			productType = "com.apple.product-type.bundle.ui-testing";
		};
/* End PBXNativeTarget section */

/* Begin PBXProject section */
		17B7A7001C0CF65B0061050A /* Project object */ = {
			isa = PBXProject;
			attributes = {
				LastUpgradeCheck = 0710;
				ORGANIZATIONNAME = "Paul Kitchener";
				TargetAttributes = {
					17B7A7071C0CF65B0061050A = {
						CreatedOnToolsVersion = 7.1.1;
					};
					17B7A7231C0CF65B0061050A = {
						CreatedOnToolsVersion = 7.1.1;
						TestTargetID = 17B7A7071C0CF65B0061050A;
					};
					17B7A72E1C0CF65B0061050A = {
						CreatedOnToolsVersion = 7.1.1;
						TestTargetID = 17B7A7071C0CF65B0061050A;
					};
				};
			};
			buildConfigurationList = 17B7A7031C0CF65B0061050A /* Build configuration list for PBXProject "NBABoxScores" */;
			compatibilityVersion = "Xcode 3.2";
			developmentRegion = English;
			hasScannedForEncodings = 0;
			knownRegions = (
				en,
				Base,
			);
			mainGroup = 17B7A6FF1C0CF65B0061050A;
			productRefGroup = 17B7A7091C0CF65B0061050A /* Products */;
			projectDirPath = "";
			projectRoot = "";
			targets = (
				17B7A7071C0CF65B0061050A /* NBABoxScores */,
				17B7A7231C0CF65B0061050A /* NBABoxScoresTests */,
				17B7A72E1C0CF65B0061050A /* NBABoxScoresUITests */,
			);
		};
/* End PBXProject section */

/* Begin PBXResourcesBuildPhase section */
		17B7A7061C0CF65B0061050A /* Resources */ = {
			isa = PBXResourcesBuildPhase;
			buildActionMask = 2147483647;
			files = (
				17B7A71E1C0CF65B0061050A /* LaunchScreen.storyboard in Resources */,
				17B7A71B1C0CF65B0061050A /* Assets.xcassets in Resources */,
				17B7A7161C0CF65B0061050A /* Main.storyboard in Resources */,
				17BB415D1C1F58480086514E /* game.json in Resources */,
			);
			runOnlyForDeploymentPostprocessing = 0;
		};
		17B7A7221C0CF65B0061050A /* Resources */ = {
			isa = PBXResourcesBuildPhase;
			buildActionMask = 2147483647;
			files = (
			);
			runOnlyForDeploymentPostprocessing = 0;
		};
		17B7A72D1C0CF65B0061050A /* Resources */ = {
			isa = PBXResourcesBuildPhase;
			buildActionMask = 2147483647;
			files = (
			);
			runOnlyForDeploymentPostprocessing = 0;
		};
/* End PBXResourcesBuildPhase section */

/* Begin PBXSourcesBuildPhase section */
		17B7A7041C0CF65B0061050A /* Sources */ = {
			isa = PBXSourcesBuildPhase;
			buildActionMask = 2147483647;
			files = (
				17BB41651C21EE140086514E /* AwayCollectionView.m in Sources */,
				17B7A7131C0CF65B0061050A /* ViewController.m in Sources */,
				171FB2341C1A1CA500EAC81E /* Game.m in Sources */,
				17BB41691C23A6CC0086514E /* Player.m in Sources */,
				17AF6D1C1C18E30C00111AEA /* PlayerCollectionViewCell.m in Sources */,
				17AF6D221C18F7A400111AEA /* HomeCollectionView.m in Sources */,
				17B7A7101C0CF65B0061050A /* AppDelegate.m in Sources */,
				17AF6D1F1C18E31C00111AEA /* StatsCollectionViewCell.m in Sources */,
				17B7A7431C0F5F6B0061050A /* ContentViewController.m in Sources */,
				17B7A7191C0CF65B0061050A /* NBABoxScores.xcdatamodeld in Sources */,
				17AF6D181C18E0EC00111AEA /* StatsLayout.m in Sources */,
				17B7A70D1C0CF65B0061050A /* main.m in Sources */,
				17BB416C1C23AEEE0086514E /* Team.m in Sources */,
				17B7A7881C1251BE0061050A /* StatsTableViewCell.m in Sources */,
			);
			runOnlyForDeploymentPostprocessing = 0;
		};
		17B7A7201C0CF65B0061050A /* Sources */ = {
			isa = PBXSourcesBuildPhase;
			buildActionMask = 2147483647;
			files = (
				17B7A7291C0CF65B0061050A /* NBABoxScoresTests.m in Sources */,
			);
			runOnlyForDeploymentPostprocessing = 0;
		};
		17B7A72B1C0CF65B0061050A /* Sources */ = {
			isa = PBXSourcesBuildPhase;
			buildActionMask = 2147483647;
			files = (
				17B7A7341C0CF65B0061050A /* NBABoxScoresUITests.m in Sources */,
			);
			runOnlyForDeploymentPostprocessing = 0;
		};
/* End PBXSourcesBuildPhase section */

/* Begin PBXTargetDependency section */
		17B7A7261C0CF65B0061050A /* PBXTargetDependency */ = {
			isa = PBXTargetDependency;
			target = 17B7A7071C0CF65B0061050A /* NBABoxScores */;
			targetProxy = 17B7A7251C0CF65B0061050A /* PBXContainerItemProxy */;
		};
		17B7A7311C0CF65B0061050A /* PBXTargetDependency */ = {
			isa = PBXTargetDependency;
			target = 17B7A7071C0CF65B0061050A /* NBABoxScores */;
			targetProxy = 17B7A7301C0CF65B0061050A /* PBXContainerItemProxy */;
		};
/* End PBXTargetDependency section */

/* Begin PBXVariantGroup section */
		17B7A7141C0CF65B0061050A /* Main.storyboard */ = {
			isa = PBXVariantGroup;
			children = (
				17B7A7151C0CF65B0061050A /* Base */,
			);
			name = Main.storyboard;
			sourceTree = "<group>";
		};
		17B7A71C1C0CF65B0061050A /* LaunchScreen.storyboard */ = {
			isa = PBXVariantGroup;
			children = (
				17B7A71D1C0CF65B0061050A /* Base */,
			);
			name = LaunchScreen.storyboard;
			sourceTree = "<group>";
		};
/* End PBXVariantGroup section */

/* Begin XCBuildConfiguration section */
		17B7A7361C0CF65B0061050A /* Debug */ = {
			isa = XCBuildConfiguration;
			buildSettings = {
				ALWAYS_SEARCH_USER_PATHS = NO;
				CLANG_CXX_LANGUAGE_STANDARD = "gnu++0x";
				CLANG_CXX_LIBRARY = "libc++";
				CLANG_ENABLE_MODULES = YES;
				CLANG_ENABLE_OBJC_ARC = YES;
				CLANG_WARN_BOOL_CONVERSION = YES;
				CLANG_WARN_CONSTANT_CONVERSION = YES;
				CLANG_WARN_DIRECT_OBJC_ISA_USAGE = YES_ERROR;
				CLANG_WARN_EMPTY_BODY = YES;
				CLANG_WARN_ENUM_CONVERSION = YES;
				CLANG_WARN_INT_CONVERSION = YES;
				CLANG_WARN_OBJC_ROOT_CLASS = YES_ERROR;
				CLANG_WARN_UNREACHABLE_CODE = YES;
				CLANG_WARN__DUPLICATE_METHOD_MATCH = YES;
				"CODE_SIGN_IDENTITY[sdk=iphoneos*]" = "iPhone Developer";
				COPY_PHASE_STRIP = NO;
				DEBUG_INFORMATION_FORMAT = dwarf;
				ENABLE_STRICT_OBJC_MSGSEND = YES;
				ENABLE_TESTABILITY = YES;
				GCC_C_LANGUAGE_STANDARD = gnu99;
				GCC_DYNAMIC_NO_PIC = NO;
				GCC_NO_COMMON_BLOCKS = YES;
				GCC_OPTIMIZATION_LEVEL = 0;
				GCC_PREPROCESSOR_DEFINITIONS = (
					"DEBUG=1",
					"$(inherited)",
				);
				GCC_WARN_64_TO_32_BIT_CONVERSION = YES;
				GCC_WARN_ABOUT_RETURN_TYPE = YES_ERROR;
				GCC_WARN_UNDECLARED_SELECTOR = YES;
				GCC_WARN_UNINITIALIZED_AUTOS = YES_AGGRESSIVE;
				GCC_WARN_UNUSED_FUNCTION = YES;
				GCC_WARN_UNUSED_VARIABLE = YES;
				IPHONEOS_DEPLOYMENT_TARGET = 9.1;
				MTL_ENABLE_DEBUG_INFO = YES;
				ONLY_ACTIVE_ARCH = YES;
				SDKROOT = iphoneos;
				TARGETED_DEVICE_FAMILY = "1,2";
			};
			name = Debug;
		};
		17B7A7371C0CF65B0061050A /* Release */ = {
			isa = XCBuildConfiguration;
			buildSettings = {
				ALWAYS_SEARCH_USER_PATHS = NO;
				CLANG_CXX_LANGUAGE_STANDARD = "gnu++0x";
				CLANG_CXX_LIBRARY = "libc++";
				CLANG_ENABLE_MODULES = YES;
				CLANG_ENABLE_OBJC_ARC = YES;
				CLANG_WARN_BOOL_CONVERSION = YES;
				CLANG_WARN_CONSTANT_CONVERSION = YES;
				CLANG_WARN_DIRECT_OBJC_ISA_USAGE = YES_ERROR;
				CLANG_WARN_EMPTY_BODY = YES;
				CLANG_WARN_ENUM_CONVERSION = YES;
				CLANG_WARN_INT_CONVERSION = YES;
				CLANG_WARN_OBJC_ROOT_CLASS = YES_ERROR;
				CLANG_WARN_UNREACHABLE_CODE = YES;
				CLANG_WARN__DUPLICATE_METHOD_MATCH = YES;
				"CODE_SIGN_IDENTITY[sdk=iphoneos*]" = "iPhone Developer";
				COPY_PHASE_STRIP = NO;
				DEBUG_INFORMATION_FORMAT = "dwarf-with-dsym";
				ENABLE_NS_ASSERTIONS = NO;
				ENABLE_STRICT_OBJC_MSGSEND = YES;
				GCC_C_LANGUAGE_STANDARD = gnu99;
				GCC_NO_COMMON_BLOCKS = YES;
				GCC_WARN_64_TO_32_BIT_CONVERSION = YES;
				GCC_WARN_ABOUT_RETURN_TYPE = YES_ERROR;
				GCC_WARN_UNDECLARED_SELECTOR = YES;
				GCC_WARN_UNINITIALIZED_AUTOS = YES_AGGRESSIVE;
				GCC_WARN_UNUSED_FUNCTION = YES;
				GCC_WARN_UNUSED_VARIABLE = YES;
				IPHONEOS_DEPLOYMENT_TARGET = 9.1;
				MTL_ENABLE_DEBUG_INFO = NO;
				SDKROOT = iphoneos;
				TARGETED_DEVICE_FAMILY = "1,2";
				VALIDATE_PRODUCT = YES;
			};
			name = Release;
		};
		17B7A7391C0CF65B0061050A /* Debug */ = {
			isa = XCBuildConfiguration;
			buildSettings = {
				ASSETCATALOG_COMPILER_APPICON_NAME = AppIcon;
				INFOPLIST_FILE = NBABoxScores/Info.plist;
				LD_RUNPATH_SEARCH_PATHS = "$(inherited) @executable_path/Frameworks";
				PRODUCT_BUNDLE_IDENTIFIER = paulkitchener.NBABoxScores;
				PRODUCT_NAME = "$(TARGET_NAME)";
			};
			name = Debug;
		};
		17B7A73A1C0CF65B0061050A /* Release */ = {
			isa = XCBuildConfiguration;
			buildSettings = {
				ASSETCATALOG_COMPILER_APPICON_NAME = AppIcon;
				INFOPLIST_FILE = NBABoxScores/Info.plist;
				LD_RUNPATH_SEARCH_PATHS = "$(inherited) @executable_path/Frameworks";
				PRODUCT_BUNDLE_IDENTIFIER = paulkitchener.NBABoxScores;
				PRODUCT_NAME = "$(TARGET_NAME)";
			};
			name = Release;
		};
		17B7A73C1C0CF65B0061050A /* Debug */ = {
			isa = XCBuildConfiguration;
			buildSettings = {
				BUNDLE_LOADER = "$(TEST_HOST)";
				INFOPLIST_FILE = NBABoxScoresTests/Info.plist;
				LD_RUNPATH_SEARCH_PATHS = "$(inherited) @executable_path/Frameworks @loader_path/Frameworks";
				PRODUCT_BUNDLE_IDENTIFIER = paulkitchener.NBABoxScoresTests;
				PRODUCT_NAME = "$(TARGET_NAME)";
				TEST_HOST = "$(BUILT_PRODUCTS_DIR)/NBABoxScores.app/NBABoxScores";
			};
			name = Debug;
		};
		17B7A73D1C0CF65B0061050A /* Release */ = {
			isa = XCBuildConfiguration;
			buildSettings = {
				BUNDLE_LOADER = "$(TEST_HOST)";
				INFOPLIST_FILE = NBABoxScoresTests/Info.plist;
				LD_RUNPATH_SEARCH_PATHS = "$(inherited) @executable_path/Frameworks @loader_path/Frameworks";
				PRODUCT_BUNDLE_IDENTIFIER = paulkitchener.NBABoxScoresTests;
				PRODUCT_NAME = "$(TARGET_NAME)";
				TEST_HOST = "$(BUILT_PRODUCTS_DIR)/NBABoxScores.app/NBABoxScores";
			};
			name = Release;
		};
		17B7A73F1C0CF65B0061050A /* Debug */ = {
			isa = XCBuildConfiguration;
			buildSettings = {
				INFOPLIST_FILE = NBABoxScoresUITests/Info.plist;
				LD_RUNPATH_SEARCH_PATHS = "$(inherited) @executable_path/Frameworks @loader_path/Frameworks";
				PRODUCT_BUNDLE_IDENTIFIER = paulkitchener.NBABoxScoresUITests;
				PRODUCT_NAME = "$(TARGET_NAME)";
				TEST_TARGET_NAME = NBABoxScores;
				USES_XCTRUNNER = YES;
			};
			name = Debug;
		};
		17B7A7401C0CF65B0061050A /* Release */ = {
			isa = XCBuildConfiguration;
			buildSettings = {
				INFOPLIST_FILE = NBABoxScoresUITests/Info.plist;
				LD_RUNPATH_SEARCH_PATHS = "$(inherited) @executable_path/Frameworks @loader_path/Frameworks";
				PRODUCT_BUNDLE_IDENTIFIER = paulkitchener.NBABoxScoresUITests;
				PRODUCT_NAME = "$(TARGET_NAME)";
				TEST_TARGET_NAME = NBABoxScores;
				USES_XCTRUNNER = YES;
			};
			name = Release;
		};
/* End XCBuildConfiguration section */

/* Begin XCConfigurationList section */
		17B7A7031C0CF65B0061050A /* Build configuration list for PBXProject "NBABoxScores" */ = {
			isa = XCConfigurationList;
			buildConfigurations = (
				17B7A7361C0CF65B0061050A /* Debug */,
				17B7A7371C0CF65B0061050A /* Release */,
			);
			defaultConfigurationIsVisible = 0;
			defaultConfigurationName = Release;
		};
		17B7A7381C0CF65B0061050A /* Build configuration list for PBXNativeTarget "NBABoxScores" */ = {
			isa = XCConfigurationList;
			buildConfigurations = (
				17B7A7391C0CF65B0061050A /* Debug */,
				17B7A73A1C0CF65B0061050A /* Release */,
			);
			defaultConfigurationIsVisible = 0;
			defaultConfigurationName = Release;
		};
		17B7A73B1C0CF65B0061050A /* Build configuration list for PBXNativeTarget "NBABoxScoresTests" */ = {
			isa = XCConfigurationList;
			buildConfigurations = (
				17B7A73C1C0CF65B0061050A /* Debug */,
				17B7A73D1C0CF65B0061050A /* Release */,
			);
			defaultConfigurationIsVisible = 0;
			defaultConfigurationName = Release;
		};
		17B7A73E1C0CF65B0061050A /* Build configuration list for PBXNativeTarget "NBABoxScoresUITests" */ = {
			isa = XCConfigurationList;
			buildConfigurations = (
				17B7A73F1C0CF65B0061050A /* Debug */,
				17B7A7401C0CF65B0061050A /* Release */,
			);
			defaultConfigurationIsVisible = 0;
			defaultConfigurationName = Release;
		};
/* End XCConfigurationList section */

/* Begin XCVersionGroup section */
		17B7A7171C0CF65B0061050A /* NBABoxScores.xcdatamodeld */ = {
			isa = XCVersionGroup;
			children = (
				17B7A7181C0CF65B0061050A /* NBABoxScores.xcdatamodel */,
			);
			currentVersion = 17B7A7181C0CF65B0061050A /* NBABoxScores.xcdatamodel */;
			path = NBABoxScores.xcdatamodeld;
			sourceTree = "<group>";
			versionGroupType = wrapper.xcdatamodel;
		};
/* End XCVersionGroup section */
	};
	rootObject = 17B7A7001C0CF65B0061050A /* Project object */;
}
